# CPython 3.12 / Linux x86_64 build toolchain, locked to PyPI wheels.
--only-binary=:all:
build==1.5.0 --hash=sha256:13f3eecb844759ab66efec90ca17639bbf14dc06cb2fdf37a9010322d9c50a6f
packaging==26.2 --hash=sha256:5fc45236b9446107ff2415ce77c807cee2862cb6fac22b8a73826d0693b0980e
pip==26.2 --hash=sha256:931c303696af6fa3417112103b1cad26890e5a07eccb5b99783700e33f2b8aad
pyproject_hooks==1.2.0 --hash=sha256:9e5c6bfa8dcc30091c74b0cf803c81fdd29d94f01992a7707bc97babb1141913
setuptools==83.0.0 --hash=sha256:29b23c360f22f414dc7336bb39178cc7bcbf6021ed2733cde173f09dba19abb3
wheel==0.47.0 --hash=sha256:212281cab4dff978f6cedd499cd893e1f620791ca6ff7107cf270781e587eced
